{
  "name": "copilot-language-server-wrapper",
  "version": "1.482.0",
  "lockfileVersion": 3,
  "requires": true,
  "packages": {
    "": {
      "name": "copilot-language-server-wrapper",
      "version": "1.482.0",
      "dependencies": {
        "@github/copilot-language-server": "1.482.0"
      }
    },
    "node_modules/@github/copilot-language-server": {
      "version": "1.482.0",
      "resolved": "https://registry.npmjs.org/@github/copilot-language-server/-/copilot-language-server-1.482.0.tgz",
      "integrity": "sha512-OPKa5YmwOxG9bSrWC5jUZJmTLVjtK/U195+BDvwpHM7BV+BRpuN676Mo0Qds3Hsmc0ajFfBl5hHZwLw3uNKfyw==",
      "license": "MIT",
      "dependencies": {
        "vscode-languageserver-protocol": "^3.17.5"
      },
      "bin": {
        "copilot-language-server": "dist/language-server.js"
      },
      "optionalDependencies": {
        "@github/copilot-language-server-darwin-arm64": "1.482.0",
        "@github/copilot-language-server-darwin-x64": "1.482.0",
        "@github/copilot-language-server-linux-arm64": "1.482.0",
        "@github/copilot-language-server-linux-x64": "1.482.0",
        "@github/copilot-language-server-win32-arm64": "1.482.0",
        "@github/copilot-language-server-win32-x64": "1.482.0"
      }
    },
    "node_modules/@github/copilot-language-server-darwin-arm64": {
      "version": "1.482.0",
      "resolved": "https://registry.npmjs.org/@github/copilot-language-server-darwin-arm64/-/copilot-language-server-darwin-arm64-1.482.0.tgz",
      "integrity": "sha512-FYrNyeE135Dsaqlur2ZdHgmQPZCKJHqmlUFstmTQyCeI0edKvWR5ls6QA5+34InS/cXD8ACoLwNHukav6is2Rg==",
      "cpu": [
        "arm64"
      ],
      "license": "MIT",
      "optional": true,
      "os": [
        "darwin"
      ]
    },
    "node_modules/@github/copilot-language-server-darwin-x64": {
      "version": "1.482.0",
      "resolved": "https://registry.npmjs.org/@github/copilot-language-server-darwin-x64/-/copilot-language-server-darwin-x64-1.482.0.tgz",
      "integrity": "sha512-MNyl/nq/axC7Goo4RrA0cYmqmcqasdR3IxbIzutSEiDLKWW8pCyX6+vQoiFg1EzDAYcm/uOzpnHQn2soy9sjYw==",
      "cpu": [
        "x64"
      ],
      "license": "MIT",
      "optional": true,
      "os": [
        "darwin"
      ]
    },
    "node_modules/@github/copilot-language-server-linux-arm64": {
      "version": "1.482.0",
      "resolved": "https://registry.npmjs.org/@github/copilot-language-server-linux-arm64/-/copilot-language-server-linux-arm64-1.482.0.tgz",
      "integrity": "sha512-H7SfwUkwINL0IgwYeo/wwk07pk7+SXokCTHZ5FcoBbmXNG/CFC7MnQaHB31krgpOYCMpg5YWrWWMGv49POexcQ==",
      "cpu": [
        "arm64"
      ],
      "license": "MIT",
      "optional": true,
      "os": [
        "linux"
      ]
    },
    "node_modules/@github/copilot-language-server-linux-x64": {
      "version": "1.482.0",
      "resolved": "https://registry.npmjs.org/@github/copilot-language-server-linux-x64/-/copilot-language-server-linux-x64-1.482.0.tgz",
      "integrity": "sha512-T4p18xd0ofkTbc/hIcQi6QBLWU0ZlGZI8C4fsL62NrEMmvaKobeb+Tk6F1MYv59yqA6+DCvImIsESCbZp+PqZA==",
      "cpu": [
        "x64"
      ],
      "license": "MIT",
      "optional": true,
      "os": [
        "linux"
      ]
    },
    "node_modules/@github/copilot-language-server-win32-arm64": {
      "version": "1.482.0",
      "resolved": "https://registry.npmjs.org/@github/copilot-language-server-win32-arm64/-/copilot-language-server-win32-arm64-1.482.0.tgz",
      "integrity": "sha512-mI+DvJD2HDdDyRgJ/ZpHKgPPTG57WcyIVCN7Fq+bWzhxmu7S9mpiNAZPZrQz/8l54TqzZgXHgG/Xid+NdCOJjg==",
      "cpu": [
        "arm64"
      ],
      "license": "MIT",
      "optional": true,
      "os": [
        "win32"
      ]
    },
    "node_modules/@github/copilot-language-server-win32-x64": {
      "version": "1.482.0",
      "resolved": "https://registry.npmjs.org/@github/copilot-language-server-win32-x64/-/copilot-language-server-win32-x64-1.482.0.tgz",
      "integrity": "sha512-b7aLxTzV7aeD9A/Bemd/pShGtin6LjozLB5tYIfYAsZXcQVtNWl4wZVCeLCz8Kmgd01YzAxZmCcvysXx2YOvpA==",
      "cpu": [
        "x64"
      ],
      "license": "MIT",
      "optional": true,
      "os": [
        "win32"
      ]
    },
    "node_modules/vscode-jsonrpc": {
      "version": "8.2.0",
      "resolved": "https://registry.npmjs.org/vscode-jsonrpc/-/vscode-jsonrpc-8.2.0.tgz",
      "integrity": "sha512-C+r0eKJUIfiDIfwJhria30+TYWPtuHJXHtI7J0YlOmKAo7ogxP20T0zxB7HZQIFhIyvoBPwWskjxrvAtfjyZfA==",
      "license": "MIT",
      "engines": {
        "node": ">=14.0.0"
      }
    },
    "node_modules/vscode-languageserver-protocol": {
      "version": "3.17.5",
      "resolved": "https://registry.npmjs.org/vscode-languageserver-protocol/-/vscode-languageserver-protocol-3.17.5.tgz",
      "integrity": "sha512-mb1bvRJN8SVznADSGWM9u/b07H7Ecg0I3OgXDuLdn307rl/J3A9YD6/eYOssqhecL27hK1IPZAsaqh00i/Jljg==",
      "license": "MIT",
      "dependencies": {
        "vscode-jsonrpc": "8.2.0",
        "vscode-languageserver-types": "3.17.5"
      }
    },
    "node_modules/vscode-languageserver-types": {
      "version": "3.17.5",
      "resolved": "https://registry.npmjs.org/vscode-languageserver-types/-/vscode-languageserver-types-3.17.5.tgz",
      "integrity": "sha512-Ld1VelNuX9pdF39h2Hgaeb5hEZM2Z3jUrrMgWQAu82jMtZp7p3vJT3BzToKtZI7NgQssZje5o0zryOrhQvzQAg==",
      "license": "MIT"
    }
  }
}
