{
  "name": "copilot-language-server-wrapper",
  "version": "1.504.0",
  "lockfileVersion": 3,
  "requires": true,
  "packages": {
    "": {
      "name": "copilot-language-server-wrapper",
      "version": "1.504.0",
      "dependencies": {
        "@github/copilot-language-server": "1.504.0"
      }
    },
    "node_modules/@github/copilot-language-server": {
      "version": "1.504.0",
      "resolved": "https://registry.npmjs.org/@github/copilot-language-server/-/copilot-language-server-1.504.0.tgz",
      "integrity": "sha512-8lUbIV7iXRkqhk3uspnx8l7b4ToXA5mdKtgnUpLYrpZBkLGgaNsx3a0v49dZ2xoqytamJKc/s1myXkdZnI7QBw==",
      "license": "MIT",
      "dependencies": {
        "vscode-languageserver-protocol": "^3.17.5"
      },
      "bin": {
        "copilot-language-server": "dist/language-server.js"
      },
      "optionalDependencies": {
        "@github/copilot-language-server-darwin-arm64": "1.504.0",
        "@github/copilot-language-server-darwin-x64": "1.504.0",
        "@github/copilot-language-server-linux-arm64": "1.504.0",
        "@github/copilot-language-server-linux-x64": "1.504.0",
        "@github/copilot-language-server-win32-arm64": "1.504.0",
        "@github/copilot-language-server-win32-x64": "1.504.0"
      }
    },
    "node_modules/@github/copilot-language-server-darwin-arm64": {
      "version": "1.504.0",
      "resolved": "https://registry.npmjs.org/@github/copilot-language-server-darwin-arm64/-/copilot-language-server-darwin-arm64-1.504.0.tgz",
      "integrity": "sha512-UaxEuCKA/n1Ol2+V+OqzfKvNuZ64QHEL8WtIL1/jegPn0hGGpsdGMsT7H8dTZ1SBDrdU7nCKIDdNqo5FIAD5EQ==",
      "cpu": [
        "arm64"
      ],
      "license": "MIT",
      "optional": true,
      "os": [
        "darwin"
      ]
    },
    "node_modules/@github/copilot-language-server-darwin-x64": {
      "version": "1.504.0",
      "resolved": "https://registry.npmjs.org/@github/copilot-language-server-darwin-x64/-/copilot-language-server-darwin-x64-1.504.0.tgz",
      "integrity": "sha512-RL43ReWWfqnrehitUT5JgJwj+0GEbIc6tWOfTKPUgHv2+fBHZUjZUE3bjdjJYGwvi1DJY0pXL9oqoe7GeFlUBg==",
      "cpu": [
        "x64"
      ],
      "license": "MIT",
      "optional": true,
      "os": [
        "darwin"
      ]
    },
    "node_modules/@github/copilot-language-server-linux-arm64": {
      "version": "1.504.0",
      "resolved": "https://registry.npmjs.org/@github/copilot-language-server-linux-arm64/-/copilot-language-server-linux-arm64-1.504.0.tgz",
      "integrity": "sha512-Wjb1n7QLoAS+RLcjszBj+AyjWxiILQtYyQoQDPsT+xjK9R04rrkMMc2naeZUhIUIPAPd+24H7Jb1xKJjQBAmtA==",
      "cpu": [
        "arm64"
      ],
      "license": "MIT",
      "optional": true,
      "os": [
        "linux"
      ]
    },
    "node_modules/@github/copilot-language-server-linux-x64": {
      "version": "1.504.0",
      "resolved": "https://registry.npmjs.org/@github/copilot-language-server-linux-x64/-/copilot-language-server-linux-x64-1.504.0.tgz",
      "integrity": "sha512-LrHIJJcBpujFFjh49epHcFYFG454TtVFVsEDZW/O8NPEq305kR46n8PkRVA4JHFZtbWKuuVqskCkulRQV+fGnA==",
      "cpu": [
        "x64"
      ],
      "license": "MIT",
      "optional": true,
      "os": [
        "linux"
      ]
    },
    "node_modules/@github/copilot-language-server-win32-arm64": {
      "version": "1.504.0",
      "resolved": "https://registry.npmjs.org/@github/copilot-language-server-win32-arm64/-/copilot-language-server-win32-arm64-1.504.0.tgz",
      "integrity": "sha512-xEHzoMNZxmO7SBtfMab9WjbLJi/c+DNVgTgk52aJl5RGcvW7OcxdjS4rktLSFQtINkhnBlRhRpsLdOOqoSoR0A==",
      "cpu": [
        "arm64"
      ],
      "license": "MIT",
      "optional": true,
      "os": [
        "win32"
      ]
    },
    "node_modules/@github/copilot-language-server-win32-x64": {
      "version": "1.504.0",
      "resolved": "https://registry.npmjs.org/@github/copilot-language-server-win32-x64/-/copilot-language-server-win32-x64-1.504.0.tgz",
      "integrity": "sha512-Twa2l8HC4uQexxUn11w17nXLtKQg0t/7pFH0kRMDIkaGFh6YexceO1VKK20lVGHICGUXRlu2j9PBUBVvZ+ZbTg==",
      "cpu": [
        "x64"
      ],
      "license": "MIT",
      "optional": true,
      "os": [
        "win32"
      ]
    },
    "node_modules/vscode-jsonrpc": {
      "version": "8.2.0",
      "resolved": "https://registry.npmjs.org/vscode-jsonrpc/-/vscode-jsonrpc-8.2.0.tgz",
      "integrity": "sha512-C+r0eKJUIfiDIfwJhria30+TYWPtuHJXHtI7J0YlOmKAo7ogxP20T0zxB7HZQIFhIyvoBPwWskjxrvAtfjyZfA==",
      "license": "MIT",
      "engines": {
        "node": ">=14.0.0"
      }
    },
    "node_modules/vscode-languageserver-protocol": {
      "version": "3.17.5",
      "resolved": "https://registry.npmjs.org/vscode-languageserver-protocol/-/vscode-languageserver-protocol-3.17.5.tgz",
      "integrity": "sha512-mb1bvRJN8SVznADSGWM9u/b07H7Ecg0I3OgXDuLdn307rl/J3A9YD6/eYOssqhecL27hK1IPZAsaqh00i/Jljg==",
      "license": "MIT",
      "dependencies": {
        "vscode-jsonrpc": "8.2.0",
        "vscode-languageserver-types": "3.17.5"
      }
    },
    "node_modules/vscode-languageserver-types": {
      "version": "3.17.5",
      "resolved": "https://registry.npmjs.org/vscode-languageserver-types/-/vscode-languageserver-types-3.17.5.tgz",
      "integrity": "sha512-Ld1VelNuX9pdF39h2Hgaeb5hEZM2Z3jUrrMgWQAu82jMtZp7p3vJT3BzToKtZI7NgQssZje5o0zryOrhQvzQAg==",
      "license": "MIT"
    }
  }
}
