{
  "name": "copilot-language-server-wrapper",
  "version": "1.527.4",
  "lockfileVersion": 3,
  "requires": true,
  "packages": {
    "": {
      "name": "copilot-language-server-wrapper",
      "version": "1.527.4",
      "dependencies": {
        "@github/copilot-language-server": "1.527.4"
      }
    },
    "node_modules/@github/copilot-darwin-arm64": {
      "version": "1.0.70",
      "resolved": "https://registry.npmjs.org/@github/copilot-darwin-arm64/-/copilot-darwin-arm64-1.0.70.tgz",
      "integrity": "sha512-NewReqBmTxtAzApZNmUsY4Xqy8N086MiQm7k35i9i+WrGyRiHxdZ/n/lMLCkqWoelr7pZhcZ7gQ7fHbEq1KdoQ==",
      "cpu": [
        "arm64"
      ],
      "license": "SEE LICENSE IN LICENSE.md",
      "optional": true,
      "os": [
        "darwin"
      ],
      "bin": {
        "copilot-darwin-arm64": "copilot"
      }
    },
    "node_modules/@github/copilot-darwin-x64": {
      "version": "1.0.70",
      "resolved": "https://registry.npmjs.org/@github/copilot-darwin-x64/-/copilot-darwin-x64-1.0.70.tgz",
      "integrity": "sha512-ydUEYI3udNAjdMsLPFQLH/JG9YFKcxuAUxYIyOK+F/m/Of9nODKdYa2hw2mlLanP4cNyuxGLflu+rtIqIb+cPw==",
      "cpu": [
        "x64"
      ],
      "license": "SEE LICENSE IN LICENSE.md",
      "optional": true,
      "os": [
        "darwin"
      ],
      "bin": {
        "copilot-darwin-x64": "copilot"
      }
    },
    "node_modules/@github/copilot-language-server": {
      "version": "1.527.4",
      "resolved": "https://registry.npmjs.org/@github/copilot-language-server/-/copilot-language-server-1.527.4.tgz",
      "integrity": "sha512-Ddd7s8MnEktsCH4c7HH+f7nYE/bcAvBNGLl6i05ZYsOqmG8MOHS7oC9cdLiXd/PKeT5n/J723Evd30ObsxB2Vw==",
      "license": "MIT",
      "dependencies": {
        "vscode-languageserver-protocol": "^3.17.5"
      },
      "bin": {
        "copilot-language-server": "dist/language-server.js"
      },
      "optionalDependencies": {
        "@github/copilot-darwin-arm64": "1.0.70",
        "@github/copilot-darwin-x64": "1.0.70",
        "@github/copilot-language-server-darwin-arm64": "1.527.4",
        "@github/copilot-language-server-darwin-x64": "1.527.4",
        "@github/copilot-language-server-linux-arm64": "1.527.4",
        "@github/copilot-language-server-linux-x64": "1.527.4",
        "@github/copilot-language-server-win32-arm64": "1.527.4",
        "@github/copilot-language-server-win32-x64": "1.527.4",
        "@github/copilot-linux-arm64": "1.0.70",
        "@github/copilot-linux-x64": "1.0.70",
        "@github/copilot-win32-arm64": "1.0.70",
        "@github/copilot-win32-x64": "1.0.70"
      }
    },
    "node_modules/@github/copilot-language-server-darwin-arm64": {
      "version": "1.527.4",
      "resolved": "https://registry.npmjs.org/@github/copilot-language-server-darwin-arm64/-/copilot-language-server-darwin-arm64-1.527.4.tgz",
      "integrity": "sha512-2kYUtnqZOYpASA2oal0m2p9tJWD7W66wOjTyveDGmwVwYZZQuZWJzX7NOjr7xiWxHw5fglqXUMgaSyCXeoGbUA==",
      "cpu": [
        "arm64"
      ],
      "license": "MIT",
      "optional": true,
      "os": [
        "darwin"
      ]
    },
    "node_modules/@github/copilot-language-server-darwin-x64": {
      "version": "1.527.4",
      "resolved": "https://registry.npmjs.org/@github/copilot-language-server-darwin-x64/-/copilot-language-server-darwin-x64-1.527.4.tgz",
      "integrity": "sha512-fJ66piH6IYkXaPcxVMXbc3b+VNDldr2hJEUl9iI/bAgu44oVEnYBwb+PvXP2YHujKmGm0RAsp1Uhm0OWRvFm8w==",
      "cpu": [
        "x64"
      ],
      "license": "MIT",
      "optional": true,
      "os": [
        "darwin"
      ]
    },
    "node_modules/@github/copilot-language-server-linux-arm64": {
      "version": "1.527.4",
      "resolved": "https://registry.npmjs.org/@github/copilot-language-server-linux-arm64/-/copilot-language-server-linux-arm64-1.527.4.tgz",
      "integrity": "sha512-eBpnGNpVYCOMipWo4E1QunFA8O/gtPLow6+j/py5oLZpTaAwArXEuvNqh8WUupf+m6IS/xDWYagO6YlvxRIVbg==",
      "cpu": [
        "arm64"
      ],
      "license": "MIT",
      "optional": true,
      "os": [
        "linux"
      ]
    },
    "node_modules/@github/copilot-language-server-linux-x64": {
      "version": "1.527.4",
      "resolved": "https://registry.npmjs.org/@github/copilot-language-server-linux-x64/-/copilot-language-server-linux-x64-1.527.4.tgz",
      "integrity": "sha512-7A9JU0WDfeFoP5vfkiRDrqravIrcKR5f7BHCuuQWonakf5FCV5QdntnqNxBSnN44s5vtDb9EujROG/ce2/zQkw==",
      "cpu": [
        "x64"
      ],
      "license": "MIT",
      "optional": true,
      "os": [
        "linux"
      ]
    },
    "node_modules/@github/copilot-language-server-win32-arm64": {
      "version": "1.527.4",
      "resolved": "https://registry.npmjs.org/@github/copilot-language-server-win32-arm64/-/copilot-language-server-win32-arm64-1.527.4.tgz",
      "integrity": "sha512-ci8VncYFBVaOb7qnwvTZHzShBsJZ2+viYex3OIQ4qRScaPwBcVsyPBa1oMRjSiXwxWPmxYdLPZeTKIxSeye6pA==",
      "cpu": [
        "arm64"
      ],
      "license": "MIT",
      "optional": true,
      "os": [
        "win32"
      ]
    },
    "node_modules/@github/copilot-language-server-win32-x64": {
      "version": "1.527.4",
      "resolved": "https://registry.npmjs.org/@github/copilot-language-server-win32-x64/-/copilot-language-server-win32-x64-1.527.4.tgz",
      "integrity": "sha512-/HxnLLMQqFxviWA75FZy9VCl9IwxLLoqAjnY5u/fJSt+A7FVOxbmZxA7aUV2RtTS/YEAEFhnVU+cC7s/6CL+eQ==",
      "cpu": [
        "x64"
      ],
      "license": "MIT",
      "optional": true,
      "os": [
        "win32"
      ]
    },
    "node_modules/@github/copilot-linux-arm64": {
      "version": "1.0.70",
      "resolved": "https://registry.npmjs.org/@github/copilot-linux-arm64/-/copilot-linux-arm64-1.0.70.tgz",
      "integrity": "sha512-EpR3VEEqMy5M9t3cs+6FtjX/AhyfoefzmcMAjBls+RGv1fILjaAby+rhKHzX5YVSxOu9OyQDlQVHK3kxznTU5Q==",
      "cpu": [
        "arm64"
      ],
      "license": "SEE LICENSE IN LICENSE.md",
      "optional": true,
      "os": [
        "linux"
      ],
      "bin": {
        "copilot-linux-arm64": "copilot"
      }
    },
    "node_modules/@github/copilot-linux-x64": {
      "version": "1.0.70",
      "resolved": "https://registry.npmjs.org/@github/copilot-linux-x64/-/copilot-linux-x64-1.0.70.tgz",
      "integrity": "sha512-4pyNKunm7GEzQZ+09Dwr4BwixJVNcQGBeqiZPKWBGxcSipwj90t8tidLYdNjgmXJoLerANhXZcY52wJW/HubEA==",
      "cpu": [
        "x64"
      ],
      "license": "SEE LICENSE IN LICENSE.md",
      "optional": true,
      "os": [
        "linux"
      ],
      "bin": {
        "copilot-linux-x64": "copilot"
      }
    },
    "node_modules/@github/copilot-win32-arm64": {
      "version": "1.0.70",
      "resolved": "https://registry.npmjs.org/@github/copilot-win32-arm64/-/copilot-win32-arm64-1.0.70.tgz",
      "integrity": "sha512-oWsWCTlUyIv4S3FdYoBNCscndLrUv+C3qgbfJ9mf+5igPqbIYL8alkc8FBHWPB/cornDNj65yd4s8dZrSkFPpg==",
      "cpu": [
        "arm64"
      ],
      "license": "SEE LICENSE IN LICENSE.md",
      "optional": true,
      "os": [
        "win32"
      ],
      "bin": {
        "copilot-win32-arm64": "copilot.exe"
      }
    },
    "node_modules/@github/copilot-win32-x64": {
      "version": "1.0.70",
      "resolved": "https://registry.npmjs.org/@github/copilot-win32-x64/-/copilot-win32-x64-1.0.70.tgz",
      "integrity": "sha512-KFDZ750CwhjKF6uATQ1pv1XrYHI+/qTQta954gYZaa+YJEXRstGd284uJ6NI3YXfshZwhTs64JdjN4xLodYwrA==",
      "cpu": [
        "x64"
      ],
      "license": "SEE LICENSE IN LICENSE.md",
      "optional": true,
      "os": [
        "win32"
      ],
      "bin": {
        "copilot-win32-x64": "copilot.exe"
      }
    },
    "node_modules/vscode-jsonrpc": {
      "version": "8.2.0",
      "resolved": "https://registry.npmjs.org/vscode-jsonrpc/-/vscode-jsonrpc-8.2.0.tgz",
      "integrity": "sha512-C+r0eKJUIfiDIfwJhria30+TYWPtuHJXHtI7J0YlOmKAo7ogxP20T0zxB7HZQIFhIyvoBPwWskjxrvAtfjyZfA==",
      "license": "MIT",
      "engines": {
        "node": ">=14.0.0"
      }
    },
    "node_modules/vscode-languageserver-protocol": {
      "version": "3.17.5",
      "resolved": "https://registry.npmjs.org/vscode-languageserver-protocol/-/vscode-languageserver-protocol-3.17.5.tgz",
      "integrity": "sha512-mb1bvRJN8SVznADSGWM9u/b07H7Ecg0I3OgXDuLdn307rl/J3A9YD6/eYOssqhecL27hK1IPZAsaqh00i/Jljg==",
      "license": "MIT",
      "dependencies": {
        "vscode-jsonrpc": "8.2.0",
        "vscode-languageserver-types": "3.17.5"
      }
    },
    "node_modules/vscode-languageserver-types": {
      "version": "3.17.5",
      "resolved": "https://registry.npmjs.org/vscode-languageserver-types/-/vscode-languageserver-types-3.17.5.tgz",
      "integrity": "sha512-Ld1VelNuX9pdF39h2Hgaeb5hEZM2Z3jUrrMgWQAu82jMtZp7p3vJT3BzToKtZI7NgQssZje5o0zryOrhQvzQAg==",
      "license": "MIT"
    }
  }
}
